
Microsoft Visual Studio Solution File, Format Version 12.00
# Visual Studio Version 17
VisualStudioVersion = 17.2.32616.157
MinimumVisualStudioVersion = 10.0.40219.1
Project("{FAE04EC0-301F-11D3-BF4B-00C04F79EFBC}") = "sampleapplication", "sampleapplication.csproj", "{D8161AD1-F7D2-4C7E-8171-19DDA252BB7C}"
EndProject
Global
	GlobalSection(SolutionConfigurationPlatforms) = preSolution
		Debug|Any CPU = Debug|Any CPU
		Release|Any CPU = Release|Any CPU
	EndGlobalSection
	GlobalSection(ProjectConfigurationPlatforms) = postSolution
		{D8161AD1-F7D2-4C7E-8171-19DDA252BB7C}.Debug|Any CPU.ActiveCfg = Debug|Any CPU
		{D8161AD1-F7D2-4C7E-8171-19DDA252BB7C}.Debug|Any CPU.Build.0 = Debug|Any CPU
		{D8161AD1-F7D2-4C7E-8171-19DDA252BB7C}.Release|Any CPU.ActiveCfg = Release|Any CPU
		{D8161AD1-F7D2-4C7E-8171-19DDA252BB7C}.Release|Any CPU.Build.0 = Release|Any CPU
	EndGlobalSection
	GlobalSection(SolutionProperties) = preSolution
		HideSolutionNode = FALSE
	EndGlobalSection
	GlobalSection(ExtensibilityGlobals) = postSolution
		SolutionGuid = {AB93C174-6E9A-46ED-9E8C-E7C4252C4933}
	EndGlobalSection
EndGlobal
